
Microsoft Visual Studio Solution File, Format Version 12.00
# Visual Studio 15
VisualStudioVersion = 15.0.28307.421
MinimumVisualStudioVersion = 10.0.40219.1
Project("{FAE04EC0-301F-11D3-BF4B-00C04F79EFBC}") = "pdfpcnt", "pdfpcnt.csproj", "{D0C474CC-EC83-409D-98D8-08DAA427A110}"
EndProject
Global
	GlobalSection(SolutionConfigurationPlatforms) = preSolution
		Debug|Any CPU = Debug|Any CPU
		Release|Any CPU = Release|Any CPU
	EndGlobalSection
	GlobalSection(ProjectConfigurationPlatforms) = postSolution
		{D0C474CC-EC83-409D-98D8-08DAA427A110}.Debug|Any CPU.ActiveCfg = Debug|Any CPU
		{D0C474CC-EC83-409D-98D8-08DAA427A110}.Debug|Any CPU.Build.0 = Debug|Any CPU
		{D0C474CC-EC83-409D-98D8-08DAA427A110}.Release|Any CPU.ActiveCfg = Release|Any CPU
		{D0C474CC-EC83-409D-98D8-08DAA427A110}.Release|Any CPU.Build.0 = Release|Any CPU
	EndGlobalSection
	GlobalSection(SolutionProperties) = preSolution
		HideSolutionNode = FALSE
	EndGlobalSection
	GlobalSection(ExtensibilityGlobals) = postSolution
		SolutionGuid = {223397F4-F328-474D-9CF9-F8E023DC2141}
	EndGlobalSection
EndGlobal
