
Microsoft Visual Studio Solution File, Format Version 9.00
# Visual Studio 2005
Project("{8BC9CEB8-8B4A-11D0-8D11-00A0C91BC942}") = "pdf2bmp2", "pdf2bmp2.vcproj", "{5E9A5FF0-0738-4D64-8AB3-32F0DED159BA}"
	ProjectSection(ProjectDependencies) = postProject
		{023CEAAE-484A-47BE-B70E-1BA8349734F4} = {023CEAAE-484A-47BE-B70E-1BA8349734F4}
		{ECB2B5AC-BD55-4238-B96E-CA824A1CCAE6} = {ECB2B5AC-BD55-4238-B96E-CA824A1CCAE6}
	EndProjectSection
EndProject
Project("{8BC9CEB8-8B4A-11D0-8D11-00A0C91BC942}") = "CxImage", "CxImage\cximage.vcproj", "{ECB2B5AC-BD55-4238-B96E-CA824A1CCAE6}"
	ProjectSection(ProjectDependencies) = postProject
		{023CEAAE-484A-47BE-B70E-1BA8349734F4} = {023CEAAE-484A-47BE-B70E-1BA8349734F4}
	EndProjectSection
EndProject
Project("{8BC9CEB8-8B4A-11D0-8D11-00A0C91BC942}") = "jpeg", "jpeg\Jpeg.vcproj", "{023CEAAE-484A-47BE-B70E-1BA8349734F4}"
EndProject
Global
	GlobalSection(SolutionConfigurationPlatforms) = preSolution
		Debug|Win32 = Debug|Win32
		Release|Win32 = Release|Win32
		Unicode Debug|Win32 = Unicode Debug|Win32
		Unicode Release|Win32 = Unicode Release|Win32
	EndGlobalSection
	GlobalSection(ProjectConfigurationPlatforms) = postSolution
		{5E9A5FF0-0738-4D64-8AB3-32F0DED159BA}.Debug|Win32.ActiveCfg = Debug|Win32
		{5E9A5FF0-0738-4D64-8AB3-32F0DED159BA}.Debug|Win32.Build.0 = Debug|Win32
		{5E9A5FF0-0738-4D64-8AB3-32F0DED159BA}.Release|Win32.ActiveCfg = Release|Win32
		{5E9A5FF0-0738-4D64-8AB3-32F0DED159BA}.Release|Win32.Build.0 = Release|Win32
		{5E9A5FF0-0738-4D64-8AB3-32F0DED159BA}.Unicode Debug|Win32.ActiveCfg = Debug|Win32
		{5E9A5FF0-0738-4D64-8AB3-32F0DED159BA}.Unicode Debug|Win32.Build.0 = Debug|Win32
		{5E9A5FF0-0738-4D64-8AB3-32F0DED159BA}.Unicode Release|Win32.ActiveCfg = Release|Win32
		{5E9A5FF0-0738-4D64-8AB3-32F0DED159BA}.Unicode Release|Win32.Build.0 = Release|Win32
		{ECB2B5AC-BD55-4238-B96E-CA824A1CCAE6}.Debug|Win32.ActiveCfg = Unicode Debug|Win32
		{ECB2B5AC-BD55-4238-B96E-CA824A1CCAE6}.Debug|Win32.Build.0 = Unicode Debug|Win32
		{ECB2B5AC-BD55-4238-B96E-CA824A1CCAE6}.Release|Win32.ActiveCfg = Unicode Release|Win32
		{ECB2B5AC-BD55-4238-B96E-CA824A1CCAE6}.Release|Win32.Build.0 = Unicode Release|Win32
		{ECB2B5AC-BD55-4238-B96E-CA824A1CCAE6}.Unicode Debug|Win32.ActiveCfg = Unicode Debug|Win32
		{ECB2B5AC-BD55-4238-B96E-CA824A1CCAE6}.Unicode Debug|Win32.Build.0 = Unicode Debug|Win32
		{ECB2B5AC-BD55-4238-B96E-CA824A1CCAE6}.Unicode Release|Win32.ActiveCfg = Unicode Release|Win32
		{ECB2B5AC-BD55-4238-B96E-CA824A1CCAE6}.Unicode Release|Win32.Build.0 = Unicode Release|Win32
		{023CEAAE-484A-47BE-B70E-1BA8349734F4}.Debug|Win32.ActiveCfg = Unicode Debug|Win32
		{023CEAAE-484A-47BE-B70E-1BA8349734F4}.Debug|Win32.Build.0 = Unicode Debug|Win32
		{023CEAAE-484A-47BE-B70E-1BA8349734F4}.Release|Win32.ActiveCfg = Unicode Release|Win32
		{023CEAAE-484A-47BE-B70E-1BA8349734F4}.Release|Win32.Build.0 = Unicode Release|Win32
		{023CEAAE-484A-47BE-B70E-1BA8349734F4}.Unicode Debug|Win32.ActiveCfg = Unicode Debug|Win32
		{023CEAAE-484A-47BE-B70E-1BA8349734F4}.Unicode Debug|Win32.Build.0 = Unicode Debug|Win32
		{023CEAAE-484A-47BE-B70E-1BA8349734F4}.Unicode Release|Win32.ActiveCfg = Unicode Release|Win32
		{023CEAAE-484A-47BE-B70E-1BA8349734F4}.Unicode Release|Win32.Build.0 = Unicode Release|Win32
	EndGlobalSection
	GlobalSection(SolutionProperties) = preSolution
		HideSolutionNode = FALSE
	EndGlobalSection
EndGlobal
